// !$*UTF8*$!
{
	archiveVersion = 1;
	classes = {
	};
	objectVersion = 77;
	objects = {

/* Begin PBXContainerItemProxy section */
		F013C0E22CDBD9F500EBA1A3 /* PBXContainerItemProxy */ = {
			isa = PBXContainerItemProxy;
			containerPortal = F013C0C92CDBD9F300EBA1A3 /* Project object */;
			proxyType = 1;
			remoteGlobalIDString = F013C0D02CDBD9F300EBA1A3;
			remoteInfo = LOTRConverter17;
		};
		F013C0EC2CDBD9F500EBA1A3 /* PBXContainerItemProxy */ = {
			isa = PBXContainerItemProxy;
			containerPortal = F013C0C92CDBD9F300EBA1A3 /* Project object */;
			proxyType = 1;
			remoteGlobalIDString = F013C0D02CDBD9F300EBA1A3;
			remoteInfo = LOTRConverter17;
		};
/* End PBXContainerItemProxy section */

/* Begin PBXFileReference section */
		F013C0D12CDBD9F300EBA1A3 /* LOTRConverter17.app */ = {isa = PBXFileReference; explicitFileType = wrapper.application; includeInIndex = 0; path = LOTRConverter17.app; sourceTree = BUILT_PRODUCTS_DIR; };
		F013C0E12CDBD9F500EBA1A3 /* LOTRConverter17Tests.xctest */ = {isa = PBXFileReference; explicitFileType = wrapper.cfbundle; includeInIndex = 0; path = LOTRConverter17Tests.xctest; sourceTree = BUILT_PRODUCTS_DIR; };
		F013C0EB2CDBD9F500EBA1A3 /* LOTRConverter17UITests.xctest */ = {isa = PBXFileReference; explicitFileType = wrapper.cfbundle; includeInIndex = 0; path = LOTRConverter17UITests.xctest; sourceTree = BUILT_PRODUCTS_DIR; };
/* End PBXFileReference section */

/* Begin PBXFileSystemSynchronizedRootGroup section */
		F013C0D32CDBD9F300EBA1A3 /* LOTRConverter17 */ = {
			isa = PBXFileSystemSynchronizedRootGroup;
			path = LOTRConverter17;
			sourceTree = "<group>";
		};
		F013C0E42CDBD9F500EBA1A3 /* LOTRConverter17Tests */ = {
			isa = PBXFileSystemSynchronizedRootGroup;
			path = LOTRConverter17Tests;
			sourceTree = "<group>";
		};
		F013C0EE2CDBD9F500EBA1A3 /* LOTRConverter17UITests */ = {
			isa = PBXFileSystemSynchronizedRootGroup;
			path = LOTRConverter17UITests;
			sourceTree = "<group>";
		};
/* End PBXFileSystemSynchronizedRootGroup section */

/* Begin PBXFrameworksBuildPhase section */
		F013C0CE2CDBD9F300EBA1A3 /* Frameworks */ = {
			isa = PBXFrameworksBuildPhase;
			buildActionMask = 2147483647;
			files = (
			);
			runOnlyForDeploymentPostprocessing = 0;
		};
		F013C0DE2CDBD9F500EBA1A3 /* Frameworks */ = {
			isa = PBXFrameworksBuildPhase;
			buildActionMask = 2147483647;
			files = (
			);
			runOnlyForDeploymentPostprocessing = 0;
		};
		F013C0E82CDBD9F500EBA1A3 /* Frameworks */ = {
			isa = PBXFrameworksBuildPhase;
			buildActionMask = 2147483647;
			files = (
			);
			runOnlyForDeploymentPostprocessing = 0;
		};
/* End PBXFrameworksBuildPhase section */

/* Begin PBXGroup section */
		F013C0C82CDBD9F300EBA1A3 = {
			isa = PBXGroup;
			children = (
				F013C0D32CDBD9F300EBA1A3 /* LOTRConverter17 */,
				F013C0E42CDBD9F500EBA1A3 /* LOTRConverter17Tests */,
				F013C0EE2CDBD9F500EBA1A3 /* LOTRConverter17UITests */,
				F013C0D22CDBD9F300EBA1A3 /* Products */,
			);
			sourceTree = "<group>";
		};
		F013C0D22CDBD9F300EBA1A3 /* Products */ = {
			isa = PBXGroup;
			children = (
				F013C0D12CDBD9F300EBA1A3 /* LOTRConverter17.app */,
				F013C0E12CDBD9F500EBA1A3 /* LOTRConverter17Tests.xctest */,
				F013C0EB2CDBD9F500EBA1A3 /* LOTRConverter17UITests.xctest */,
			);
			name = Products;
			sourceTree = "<group>";
		};
/* End PBXGroup section */

/* Begin PBXNativeTarget section */
		F013C0D02CDBD9F300EBA1A3 /* LOTRConverter17 */ = {
			isa = PBXNativeTarget;
			buildConfigurationList = F013C0F52CDBD9F500EBA1A3 /* Build configuration list for PBXNativeTarget "LOTRConverter17" */;
			buildPhases = (
				F013C0CD2CDBD9F300EBA1A3 /* Sources */,
				F013C0CE2CDBD9F300EBA1A3 /* Frameworks */,
				F013C0CF2CDBD9F300EBA1A3 /* Resources */,
			);
			buildRules = (
			);
			dependencies = (
			);
			fileSystemSynchronizedGroups = (
				F013C0D32CDBD9F300EBA1A3 /* LOTRConverter17 */,
			);
			name = LOTRConverter17;
			packageProductDependencies = (
			);
			productName = LOTRConverter17;
			productReference = F013C0D12CDBD9F300EBA1A3 /* LOTRConverter17.app */;
			productType = "com.apple.product-type.application";
		};
		F013C0E02CDBD9F500EBA1A3 /* LOTRConverter17Tests */ = {
			isa = PBXNativeTarget;
			buildConfigurationList = F013C0F82CDBD9F500EBA1A3 /* Build configuration list for PBXNativeTarget "LOTRConverter17Tests" */;
			buildPhases = (
				F013C0DD2CDBD9F500EBA1A3 /* Sources */,
				F013C0DE2CDBD9F500EBA1A3 /* Frameworks */,
				F013C0DF2CDBD9F500EBA1A3 /* Resources */,
			);
			buildRules = (
			);
			dependencies = (
				F013C0E32CDBD9F500EBA1A3 /* PBXTargetDependency */,
			);
			fileSystemSynchronizedGroups = (
				F013C0E42CDBD9F500EBA1A3 /* LOTRConverter17Tests */,
			);
			name = LOTRConverter17Tests;
			packageProductDependencies = (
			);
			productName = LOTRConverter17Tests;
			productReference = F013C0E12CDBD9F500EBA1A3 /* LOTRConverter17Tests.xctest */;
			productType = "com.apple.product-type.bundle.unit-test";
		};
		F013C0EA2CDBD9F500EBA1A3 /* LOTRConverter17UITests */ = {
			isa = PBXNativeTarget;
			buildConfigurationList = F013C0FB2CDBD9F500EBA1A3 /* Build configuration list for PBXNativeTarget "LOTRConverter17UITests" */;
			buildPhases = (
				F013C0E72CDBD9F500EBA1A3 /* Sources */,
				F013C0E82CDBD9F500EBA1A3 /* Frameworks */,
				F013C0E92CDBD9F500EBA1A3 /* Resources */,
			);
			buildRules = (
			);
			dependencies = (
				F013C0ED2CDBD9F500EBA1A3 /* PBXTargetDependency */,
			);
			fileSystemSynchronizedGroups = (
				F013C0EE2CDBD9F500EBA1A3 /* LOTRConverter17UITests */,
			);
			name = LOTRConverter17UITests;
			packageProductDependencies = (
			);
			productName = LOTRConverter17UITests;
			productReference = F013C0EB2CDBD9F500EBA1A3 /* LOTRConverter17UITests.xctest */;
			productType = "com.apple.product-type.bundle.ui-testing";
		};
/* End PBXNativeTarget section */

/* Begin PBXProject section */
		F013C0C92CDBD9F300EBA1A3 /* Project object */ = {
			isa = PBXProject;
			attributes = {
				BuildIndependentTargetsInParallel = 1;
				LastSwiftUpdateCheck = 1610;
				LastUpgradeCheck = 1610;
				TargetAttributes = {
					F013C0D02CDBD9F300EBA1A3 = {
						CreatedOnToolsVersion = 16.1;
					};
					F013C0E02CDBD9F500EBA1A3 = {
						CreatedOnToolsVersion = 16.1;
						TestTargetID = F013C0D02CDBD9F300EBA1A3;
					};
					F013C0EA2CDBD9F500EBA1A3 = {
						CreatedOnToolsVersion = 16.1;
						TestTargetID = F013C0D02CDBD9F300EBA1A3;
					};
				};
			};
			buildConfigurationList = F013C0CC2CDBD9F300EBA1A3 /* Build configuration list for PBXProject "LOTRConverter17" */;
			developmentRegion = en;
			hasScannedForEncodings = 0;
			knownRegions = (
				en,
				Base,
			);
			mainGroup = F013C0C82CDBD9F300EBA1A3;
			minimizedProjectReferenceProxies = 1;
			preferredProjectObjectVersion = 77;
			productRefGroup = F013C0D22CDBD9F300EBA1A3 /* Products */;
			projectDirPath = "";
			projectRoot = "";
			targets = (
				F013C0D02CDBD9F300EBA1A3 /* LOTRConverter17 */,
				F013C0E02CDBD9F500EBA1A3 /* LOTRConverter17Tests */,
				F013C0EA2CDBD9F500EBA1A3 /* LOTRConverter17UITests */,
			);
		};
/* End PBXProject section */

/* Begin PBXResourcesBuildPhase section */
		F013C0CF2CDBD9F300EBA1A3 /* Resources */ = {
			isa = PBXResourcesBuildPhase;
			buildActionMask = 2147483647;
			files = (
			);
			runOnlyForDeploymentPostprocessing = 0;
		};
		F013C0DF2CDBD9F500EBA1A3 /* Resources */ = {
			isa = PBXResourcesBuildPhase;
			buildActionMask = 2147483647;
			files = (
			);
			runOnlyForDeploymentPostprocessing = 0;
		};
		F013C0E92CDBD9F500EBA1A3 /* Resources */ = {
			isa = PBXResourcesBuildPhase;
			buildActionMask = 2147483647;
			files = (
			);
			runOnlyForDeploymentPostprocessing = 0;
		};
/* End PBXResourcesBuildPhase section */

/* Begin PBXSourcesBuildPhase section */
		F013C0CD2CDBD9F300EBA1A3 /* Sources */ = {
			isa = PBXSourcesBuildPhase;
			buildActionMask = 2147483647;
			files = (
			);
			runOnlyForDeploymentPostprocessing = 0;
		};
		F013C0DD2CDBD9F500EBA1A3 /* Sources */ = {
			isa = PBXSourcesBuildPhase;
			buildActionMask = 2147483647;
			files = (
			);
			runOnlyForDeploymentPostprocessing = 0;
		};
		F013C0E72CDBD9F500EBA1A3 /* Sources */ = {
			isa = PBXSourcesBuildPhase;
			buildActionMask = 2147483647;
			files = (
			);
			runOnlyForDeploymentPostprocessing = 0;
		};
/* End PBXSourcesBuildPhase section */

/* Begin PBXTargetDependency section */
		F013C0E32CDBD9F500EBA1A3 /* PBXTargetDependency */ = {
			isa = PBXTargetDependency;
			target = F013C0D02CDBD9F300EBA1A3 /* LOTRConverter17 */;
			targetProxy = F013C0E22CDBD9F500EBA1A3 /* PBXContainerItemProxy */;
		};
		F013C0ED2CDBD9F500EBA1A3 /* PBXTargetDependency */ = {
			isa = PBXTargetDependency;
			target = F013C0D02CDBD9F300EBA1A3 /* LOTRConverter17 */;
			targetProxy = F013C0EC2CDBD9F500EBA1A3 /* PBXContainerItemProxy */;
		};
/* End PBXTargetDependency section */

/* Begin XCBuildConfiguration section */
		F013C0F32CDBD9F500EBA1A3 /* Debug */ = {
			isa = XCBuildConfiguration;
			buildSettings = {
				ALWAYS_SEARCH_USER_PATHS = NO;
				ASSETCATALOG_COMPILER_GENERATE_SWIFT_ASSET_SYMBOL_EXTENSIONS = YES;
				CLANG_ANALYZER_NONNULL = YES;
				CLANG_ANALYZER_NUMBER_OBJECT_CONVERSION = YES_AGGRESSIVE;
				CLANG_CXX_LANGUAGE_STANDARD = "gnu++20";
				CLANG_ENABLE_MODULES = YES;
				CLANG_ENABLE_OBJC_ARC = YES;
				CLANG_ENABLE_OBJC_WEAK = YES;
				CLANG_WARN_BLOCK_CAPTURE_AUTORELEASING = YES;
				CLANG_WARN_BOOL_CONVERSION = YES;
				CLANG_WARN_COMMA = YES;
				CLANG_WARN_CONSTANT_CONVERSION = YES;
				CLANG_WARN_DEPRECATED_OBJC_IMPLEMENTATIONS = YES;
				CLANG_WARN_DIRECT_OBJC_ISA_USAGE = YES_ERROR;
				CLANG_WARN_DOCUMENTATION_COMMENTS = YES;
				CLANG_WARN_EMPTY_BODY = YES;
				CLANG_WARN_ENUM_CONVERSION = YES;
				CLANG_WARN_INFINITE_RECURSION = YES;
				CLANG_WARN_INT_CONVERSION = YES;
				CLANG_WARN_NON_LITERAL_NULL_CONVERSION = YES;
				CLANG_WARN_OBJC_IMPLICIT_RETAIN_SELF = YES;
				CLANG_WARN_OBJC_LITERAL_CONVERSION = YES;
				CLANG_WARN_OBJC_ROOT_CLASS = YES_ERROR;
				CLANG_WARN_QUOTED_INCLUDE_IN_FRAMEWORK_HEADER = YES;
				CLANG_WARN_RANGE_LOOP_ANALYSIS = YES;
				CLANG_WARN_STRICT_PROTOTYPES = YES;
				CLANG_WARN_SUSPICIOUS_MOVE = YES;
				CLANG_WARN_UNGUARDED_AVAILABILITY = YES_AGGRESSIVE;
				CLANG_WARN_UNREACHABLE_CODE = YES;
				CLANG_WARN__DUPLICATE_METHOD_MATCH = YES;
				COPY_PHASE_STRIP = NO;
				DEBUG_INFORMATION_FORMAT = dwarf;
				ENABLE_STRICT_OBJC_MSGSEND = YES;
				ENABLE_TESTABILITY = YES;
				ENABLE_USER_SCRIPT_SANDBOXING = YES;
				GCC_C_LANGUAGE_STANDARD = gnu17;
				GCC_DYNAMIC_NO_PIC = NO;
				GCC_NO_COMMON_BLOCKS = YES;
				GCC_OPTIMIZATION_LEVEL = 0;
				GCC_PREPROCESSOR_DEFINITIONS = (
					"DEBUG=1",
					"$(inherited)",
				);
				GCC_WARN_64_TO_32_BIT_CONVERSION = YES;
				GCC_WARN_ABOUT_RETURN_TYPE = YES_ERROR;
				GCC_WARN_UNDECLARED_SELECTOR = YES;
				GCC_WARN_UNINITIALIZED_AUTOS = YES_AGGRESSIVE;
				GCC_WARN_UNUSED_FUNCTION = YES;
				GCC_WARN_UNUSED_VARIABLE = YES;
				IPHONEOS_DEPLOYMENT_TARGET = 18.1;
				LOCALIZATION_PREFERS_STRING_CATALOGS = YES;
				MTL_ENABLE_DEBUG_INFO = INCLUDE_SOURCE;
				MTL_FAST_MATH = YES;
				ONLY_ACTIVE_ARCH = YES;
				SDKROOT = iphoneos;
				SWIFT_ACTIVE_COMPILATION_CONDITIONS = "DEBUG $(inherited)";
				SWIFT_OPTIMIZATION_LEVEL = "-Onone";
			};
			name = Debug;
		};
		F013C0F42CDBD9F500EBA1A3 /* Release */ = {
			isa = XCBuildConfiguration;
			buildSettings = {
				ALWAYS_SEARCH_USER_PATHS = NO;
				ASSETCATALOG_COMPILER_GENERATE_SWIFT_ASSET_SYMBOL_EXTENSIONS = YES;
				CLANG_ANALYZER_NONNULL = YES;
				CLANG_ANALYZER_NUMBER_OBJECT_CONVERSION = YES_AGGRESSIVE;
				CLANG_CXX_LANGUAGE_STANDARD = "gnu++20";
				CLANG_ENABLE_MODULES = YES;
				CLANG_ENABLE_OBJC_ARC = YES;
				CLANG_ENABLE_OBJC_WEAK = YES;
				CLANG_WARN_BLOCK_CAPTURE_AUTORELEASING = YES;
				CLANG_WARN_BOOL_CONVERSION = YES;
				CLANG_WARN_COMMA = YES;
				CLANG_WARN_CONSTANT_CONVERSION = YES;
				CLANG_WARN_DEPRECATED_OBJC_IMPLEMENTATIONS = YES;
				CLANG_WARN_DIRECT_OBJC_ISA_USAGE = YES_ERROR;
				CLANG_WARN_DOCUMENTATION_COMMENTS = YES;
				CLANG_WARN_EMPTY_BODY = YES;
				CLANG_WARN_ENUM_CONVERSION = YES;
				CLANG_WARN_INFINITE_RECURSION = YES;
				CLANG_WARN_INT_CONVERSION = YES;
				CLANG_WARN_NON_LITERAL_NULL_CONVERSION = YES;
				CLANG_WARN_OBJC_IMPLICIT_RETAIN_SELF = YES;
				CLANG_WARN_OBJC_LITERAL_CONVERSION = YES;
				CLANG_WARN_OBJC_ROOT_CLASS = YES_ERROR;
				CLANG_WARN_QUOTED_INCLUDE_IN_FRAMEWORK_HEADER = YES;
				CLANG_WARN_RANGE_LOOP_ANALYSIS = YES;
				CLANG_WARN_STRICT_PROTOTYPES = YES;
				CLANG_WARN_SUSPICIOUS_MOVE = YES;
				CLANG_WARN_UNGUARDED_AVAILABILITY = YES_AGGRESSIVE;
				CLANG_WARN_UNREACHABLE_CODE = YES;
				CLANG_WARN__DUPLICATE_METHOD_MATCH = YES;
				COPY_PHASE_STRIP = NO;
				DEBUG_INFORMATION_FORMAT = "dwarf-with-dsym";
				ENABLE_NS_ASSERTIONS = NO;
				ENABLE_STRICT_OBJC_MSGSEND = YES;
				ENABLE_USER_SCRIPT_SANDBOXING = YES;
				GCC_C_LANGUAGE_STANDARD = gnu17;
				GCC_NO_COMMON_BLOCKS = YES;
				GCC_WARN_64_TO_32_BIT_CONVERSION = YES;
				GCC_WARN_ABOUT_RETURN_TYPE = YES_ERROR;
				GCC_WARN_UNDECLARED_SELECTOR = YES;
				GCC_WARN_UNINITIALIZED_AUTOS = YES_AGGRESSIVE;
				GCC_WARN_UNUSED_FUNCTION = YES;
				GCC_WARN_UNUSED_VARIABLE = YES;
				IPHONEOS_DEPLOYMENT_TARGET = 18.1;
				LOCALIZATION_PREFERS_STRING_CATALOGS = YES;
				MTL_ENABLE_DEBUG_INFO = NO;
				MTL_FAST_MATH = YES;
				SDKROOT = iphoneos;
				SWIFT_COMPILATION_MODE = wholemodule;
				VALIDATE_PRODUCT = YES;
			};
			name = Release;
		};
		F013C0F62CDBD9F500EBA1A3 /* Debug */ = {
			isa = XCBuildConfiguration;
			buildSettings = {
				ASSETCATALOG_COMPILER_APPICON_NAME = AppIcon;
				ASSETCATALOG_COMPILER_GLOBAL_ACCENT_COLOR_NAME = AccentColor;
				CODE_SIGN_STYLE = Automatic;
				CURRENT_PROJECT_VERSION = 1;
				DEVELOPMENT_ASSET_PATHS = "\"LOTRConverter17/Preview Content\"";
				DEVELOPMENT_TEAM = 87QWFKLSL9;
				ENABLE_PREVIEWS = YES;
				GENERATE_INFOPLIST_FILE = YES;
				INFOPLIST_KEY_UIApplicationSceneManifest_Generation = YES;
				INFOPLIST_KEY_UIApplicationSupportsIndirectInputEvents = YES;
				INFOPLIST_KEY_UILaunchScreen_Generation = YES;
				INFOPLIST_KEY_UISupportedInterfaceOrientations_iPad = "UIInterfaceOrientationPortrait UIInterfaceOrientationPortraitUpsideDown UIInterfaceOrientationLandscapeLeft UIInterfaceOrientationLandscapeRight";
				INFOPLIST_KEY_UISupportedInterfaceOrientations_iPhone = "UIInterfaceOrientationPortrait UIInterfaceOrientationLandscapeLeft UIInterfaceOrientationLandscapeRight";
				LD_RUNPATH_SEARCH_PATHS = (
					"$(inherited)",
					"@executable_path/Frameworks",
				);
				MARKETING_VERSION = 1.0;
				PRODUCT_BUNDLE_IDENTIFIER = com.mediamind.LOTRConverter17;
				PRODUCT_NAME = "$(TARGET_NAME)";
				SWIFT_EMIT_LOC_STRINGS = YES;
				SWIFT_VERSION = 5.0;
				TARGETED_DEVICE_FAMILY = "1,2";
			};
			name = Debug;
		};
		F013C0F72CDBD9F500EBA1A3 /* Release */ = {
			isa = XCBuildConfiguration;
			buildSettings = {
				ASSETCATALOG_COMPILER_APPICON_NAME = AppIcon;
				ASSETCATALOG_COMPILER_GLOBAL_ACCENT_COLOR_NAME = AccentColor;
				CODE_SIGN_STYLE = Automatic;
				CURRENT_PROJECT_VERSION = 1;
				DEVELOPMENT_ASSET_PATHS = "\"LOTRConverter17/Preview Content\"";
				DEVELOPMENT_TEAM = 87QWFKLSL9;
				ENABLE_PREVIEWS = YES;
				GENERATE_INFOPLIST_FILE = YES;
				INFOPLIST_KEY_UIApplicationSceneManifest_Generation = YES;
				INFOPLIST_KEY_UIApplicationSupportsIndirectInputEvents = YES;
				INFOPLIST_KEY_UILaunchScreen_Generation = YES;
				INFOPLIST_KEY_UISupportedInterfaceOrientations_iPad = "UIInterfaceOrientationPortrait UIInterfaceOrientationPortraitUpsideDown UIInterfaceOrientationLandscapeLeft UIInterfaceOrientationLandscapeRight";
				INFOPLIST_KEY_UISupportedInterfaceOrientations_iPhone = "UIInterfaceOrientationPortrait UIInterfaceOrientationLandscapeLeft UIInterfaceOrientationLandscapeRight";
				LD_RUNPATH_SEARCH_PATHS = (
					"$(inherited)",
					"@executable_path/Frameworks",
				);
				MARKETING_VERSION = 1.0;
				PRODUCT_BUNDLE_IDENTIFIER = com.mediamind.LOTRConverter17;
				PRODUCT_NAME = "$(TARGET_NAME)";
				SWIFT_EMIT_LOC_STRINGS = YES;
				SWIFT_VERSION = 5.0;
				TARGETED_DEVICE_FAMILY = "1,2";
			};
			name = Release;
		};
		F013C0F92CDBD9F500EBA1A3 /* Debug */ = {
			isa = XCBuildConfiguration;
			buildSettings = {
				BUNDLE_LOADER = "$(TEST_HOST)";
				CODE_SIGN_STYLE = Automatic;
				CURRENT_PROJECT_VERSION = 1;
				DEVELOPMENT_TEAM = 87QWFKLSL9;
				GENERATE_INFOPLIST_FILE = YES;
				IPHONEOS_DEPLOYMENT_TARGET = 18.1;
				MARKETING_VERSION = 1.0;
				PRODUCT_BUNDLE_IDENTIFIER = com.mediamind.LOTRConverter17Tests;
				PRODUCT_NAME = "$(TARGET_NAME)";
				SWIFT_EMIT_LOC_STRINGS = NO;
				SWIFT_VERSION = 5.0;
				TARGETED_DEVICE_FAMILY = "1,2";
				TEST_HOST = "$(BUILT_PRODUCTS_DIR)/LOTRConverter17.app/$(BUNDLE_EXECUTABLE_FOLDER_PATH)/LOTRConverter17";
			};
			name = Debug;
		};
		F013C0FA2CDBD9F500EBA1A3 /* Release */ = {
			isa = XCBuildConfiguration;
			buildSettings = {
				BUNDLE_LOADER = "$(TEST_HOST)";
				CODE_SIGN_STYLE = Automatic;
				CURRENT_PROJECT_VERSION = 1;
				DEVELOPMENT_TEAM = 87QWFKLSL9;
				GENERATE_INFOPLIST_FILE = YES;
				IPHONEOS_DEPLOYMENT_TARGET = 18.1;
				MARKETING_VERSION = 1.0;
				PRODUCT_BUNDLE_IDENTIFIER = com.mediamind.LOTRConverter17Tests;
				PRODUCT_NAME = "$(TARGET_NAME)";
				SWIFT_EMIT_LOC_STRINGS = NO;
				SWIFT_VERSION = 5.0;
				TARGETED_DEVICE_FAMILY = "1,2";
				TEST_HOST = "$(BUILT_PRODUCTS_DIR)/LOTRConverter17.app/$(BUNDLE_EXECUTABLE_FOLDER_PATH)/LOTRConverter17";
			};
			name = Release;
		};
		F013C0FC2CDBD9F500EBA1A3 /* Debug */ = {
			isa = XCBuildConfiguration;
			buildSettings = {
				CODE_SIGN_STYLE = Automatic;
				CURRENT_PROJECT_VERSION = 1;
				DEVELOPMENT_TEAM = 87QWFKLSL9;
				GENERATE_INFOPLIST_FILE = YES;
				MARKETING_VERSION = 1.0;
				PRODUCT_BUNDLE_IDENTIFIER = com.mediamind.LOTRConverter17UITests;
				PRODUCT_NAME = "$(TARGET_NAME)";
				SWIFT_EMIT_LOC_STRINGS = NO;
				SWIFT_VERSION = 5.0;
				TARGETED_DEVICE_FAMILY = "1,2";
				TEST_TARGET_NAME = LOTRConverter17;
			};
			name = Debug;
		};
		F013C0FD2CDBD9F500EBA1A3 /* Release */ = {
			isa = XCBuildConfiguration;
			buildSettings = {
				CODE_SIGN_STYLE = Automatic;
				CURRENT_PROJECT_VERSION = 1;
				DEVELOPMENT_TEAM = 87QWFKLSL9;
				GENERATE_INFOPLIST_FILE = YES;
				MARKETING_VERSION = 1.0;
				PRODUCT_BUNDLE_IDENTIFIER = com.mediamind.LOTRConverter17UITests;
				PRODUCT_NAME = "$(TARGET_NAME)";
				SWIFT_EMIT_LOC_STRINGS = NO;
				SWIFT_VERSION = 5.0;
				TARGETED_DEVICE_FAMILY = "1,2";
				TEST_TARGET_NAME = LOTRConverter17;
			};
			name = Release;
		};
/* End XCBuildConfiguration section */

/* Begin XCConfigurationList section */
		F013C0CC2CDBD9F300EBA1A3 /* Build configuration list for PBXProject "LOTRConverter17" */ = {
			isa = XCConfigurationList;
			buildConfigurations = (
				F013C0F32CDBD9F500EBA1A3 /* Debug */,
				F013C0F42CDBD9F500EBA1A3 /* Release */,
			);
			defaultConfigurationIsVisible = 0;
			defaultConfigurationName = Release;
		};
		F013C0F52CDBD9F500EBA1A3 /* Build configuration list for PBXNativeTarget "LOTRConverter17" */ = {
			isa = XCConfigurationList;
			buildConfigurations = (
				F013C0F62CDBD9F500EBA1A3 /* Debug */,
				F013C0F72CDBD9F500EBA1A3 /* Release */,
			);
			defaultConfigurationIsVisible = 0;
			defaultConfigurationName = Release;
		};
		F013C0F82CDBD9F500EBA1A3 /* Build configuration list for PBXNativeTarget "LOTRConverter17Tests" */ = {
			isa = XCConfigurationList;
			buildConfigurations = (
				F013C0F92CDBD9F500EBA1A3 /* Debug */,
				F013C0FA2CDBD9F500EBA1A3 /* Release */,
			);
			defaultConfigurationIsVisible = 0;
			defaultConfigurationName = Release;
		};
		F013C0FB2CDBD9F500EBA1A3 /* Build configuration list for PBXNativeTarget "LOTRConverter17UITests" */ = {
			isa = XCConfigurationList;
			buildConfigurations = (
				F013C0FC2CDBD9F500EBA1A3 /* Debug */,
				F013C0FD2CDBD9F500EBA1A3 /* Release */,
			);
			defaultConfigurationIsVisible = 0;
			defaultConfigurationName = Release;
		};
/* End XCConfigurationList section */
	};
	rootObject = F013C0C92CDBD9F300EBA1A3 /* Project object */;
}
